
Microsoft Visual Studio Solution File, Format Version 12.00
# Visual Studio Version 17
VisualStudioVersion = 17.14.36212.18 d17.14
MinimumVisualStudioVersion = 10.0.40219.1
Project("{FAE04EC0-301F-11D3-BF4B-00C04F79EFBC}") = "api.MiniCatalogo", "api.MiniCatalogo\api.MiniCatalogo.csproj", "{C21E8210-3ADA-4EBD-907C-C936727C814E}"
EndProject
Project("{FAE04EC0-301F-11D3-BF4B-00C04F79EFBC}") = "Test.MiniCatalogo", "Test.MiniCatalogo\Test.MiniCatalogo.csproj", "{608CE436-9F9F-466B-B2B7-269CF02C6597}"
EndProject
Project("{2150E333-8FDC-42A3-9474-1A3956D46DE8}") = "Itens de Solução", "Itens de Solução", "{380A7511-A354-6D7A-0CC0-8FA1F1BA7B6C}"
	ProjectSection(SolutionItems) = preProject
		.gitignore = .gitignore
		README.md = README.md
	EndProjectSection
EndProject
Global
	GlobalSection(SolutionConfigurationPlatforms) = preSolution
		Debug|Any CPU = Debug|Any CPU
		Release|Any CPU = Release|Any CPU
	EndGlobalSection
	GlobalSection(ProjectConfigurationPlatforms) = postSolution
		{C21E8210-3ADA-4EBD-907C-C936727C814E}.Debug|Any CPU.ActiveCfg = Debug|Any CPU
		{C21E8210-3ADA-4EBD-907C-C936727C814E}.Debug|Any CPU.Build.0 = Debug|Any CPU
		{C21E8210-3ADA-4EBD-907C-C936727C814E}.Release|Any CPU.ActiveCfg = Release|Any CPU
		{C21E8210-3ADA-4EBD-907C-C936727C814E}.Release|Any CPU.Build.0 = Release|Any CPU
		{608CE436-9F9F-466B-B2B7-269CF02C6597}.Debug|Any CPU.ActiveCfg = Debug|Any CPU
		{608CE436-9F9F-466B-B2B7-269CF02C6597}.Debug|Any CPU.Build.0 = Debug|Any CPU
		{608CE436-9F9F-466B-B2B7-269CF02C6597}.Release|Any CPU.ActiveCfg = Release|Any CPU
		{608CE436-9F9F-466B-B2B7-269CF02C6597}.Release|Any CPU.Build.0 = Release|Any CPU
	EndGlobalSection
	GlobalSection(SolutionProperties) = preSolution
		HideSolutionNode = FALSE
	EndGlobalSection
	GlobalSection(ExtensibilityGlobals) = postSolution
		SolutionGuid = {AFFFD5C6-C993-41E6-9E93-F653E2B1D7AD}
	EndGlobalSection
EndGlobal
